
Microsoft Visual Studio Solution File, Format Version 12.00
# Visual Studio Version 16
VisualStudioVersion = 16.0.30406.217
MinimumVisualStudioVersion = 10.0.40219.1
Project("{FAE04EC0-301F-11D3-BF4B-00C04F79EFBC}") = "SharepointAppOnly", "SharepointAppOnly\SharepointAppOnly.csproj", "{1C87340C-71EA-4358-90CA-F4D9B8919D44}"
EndProject
Global
	GlobalSection(SolutionConfigurationPlatforms) = preSolution
		Debug|Any CPU = Debug|Any CPU
		Release|Any CPU = Release|Any CPU
	EndGlobalSection
	GlobalSection(ProjectConfigurationPlatforms) = postSolution
		{1C87340C-71EA-4358-90CA-F4D9B8919D44}.Debug|Any CPU.ActiveCfg = Debug|Any CPU
		{1C87340C-71EA-4358-90CA-F4D9B8919D44}.Debug|Any CPU.Build.0 = Debug|Any CPU
		{1C87340C-71EA-4358-90CA-F4D9B8919D44}.Release|Any CPU.ActiveCfg = Release|Any CPU
		{1C87340C-71EA-4358-90CA-F4D9B8919D44}.Release|Any CPU.Build.0 = Release|Any CPU
	EndGlobalSection
	GlobalSection(SolutionProperties) = preSolution
		HideSolutionNode = FALSE
	EndGlobalSection
	GlobalSection(ExtensibilityGlobals) = postSolution
		SolutionGuid = {55713951-B9AD-482D-81A0-5C96E4A91BEB}
	EndGlobalSection
EndGlobal
